
Microsoft Visual Studio Solution File, Format Version 12.00
# Visual Studio Version 17
VisualStudioVersion = 17.13.35931.197
MinimumVisualStudioVersion = 10.0.40219.1
Project("{FAE04EC0-301F-11D3-BF4B-00C04F79EFBC}") = "Pressure_Decay", "Pressure_Decay\Pressure_Decay.csproj", "{6AD5CCEB-F655-44FA-B94D-19DCD4635F16}"
EndProject
Global
	GlobalSection(SolutionConfigurationPlatforms) = preSolution
		Debug|Any CPU = Debug|Any CPU
		Release|Any CPU = Release|Any CPU
	EndGlobalSection
	GlobalSection(ProjectConfigurationPlatforms) = postSolution
		{6AD5CCEB-F655-44FA-B94D-19DCD4635F16}.Debug|Any CPU.ActiveCfg = Debug|Any CPU
		{6AD5CCEB-F655-44FA-B94D-19DCD4635F16}.Debug|Any CPU.Build.0 = Debug|Any CPU
		{6AD5CCEB-F655-44FA-B94D-19DCD4635F16}.Release|Any CPU.ActiveCfg = Release|Any CPU
		{6AD5CCEB-F655-44FA-B94D-19DCD4635F16}.Release|Any CPU.Build.0 = Release|Any CPU
	EndGlobalSection
	GlobalSection(SolutionProperties) = preSolution
		HideSolutionNode = FALSE
	EndGlobalSection
	GlobalSection(ExtensibilityGlobals) = postSolution
		SolutionGuid = {06AFB9AD-0A86-42C2-90C0-79CB9B065B83}
	EndGlobalSection
EndGlobal
